
Microsoft Visual Studio Solution File, Format Version 12.00
# Visual Studio Version 16
VisualStudioVersion = 16.0.30517.126
MinimumVisualStudioVersion = 10.0.40219.1
Project("{FAE04EC0-301F-11D3-BF4B-00C04F79EFBC}") = "HowToNotMakeACalc", "HowToNotMakeACalc.csproj", "{B158F77C-A251-4793-A74F-8A0950B53FC0}"
EndProject
Global
	GlobalSection(SolutionConfigurationPlatforms) = preSolution
		Debug|Any CPU = Debug|Any CPU
		Release|Any CPU = Release|Any CPU
	EndGlobalSection
	GlobalSection(ProjectConfigurationPlatforms) = postSolution
		{B158F77C-A251-4793-A74F-8A0950B53FC0}.Debug|Any CPU.ActiveCfg = Debug|Any CPU
		{B158F77C-A251-4793-A74F-8A0950B53FC0}.Debug|Any CPU.Build.0 = Debug|Any CPU
		{B158F77C-A251-4793-A74F-8A0950B53FC0}.Release|Any CPU.ActiveCfg = Release|Any CPU
		{B158F77C-A251-4793-A74F-8A0950B53FC0}.Release|Any CPU.Build.0 = Release|Any CPU
	EndGlobalSection
	GlobalSection(SolutionProperties) = preSolution
		HideSolutionNode = FALSE
	EndGlobalSection
	GlobalSection(ExtensibilityGlobals) = postSolution
		SolutionGuid = {860492C6-167B-4021-812F-D42BBFED9760}
	EndGlobalSection
EndGlobal
